
Microsoft Visual Studio Solution File, Format Version 12.00
# Visual Studio Version 17
VisualStudioVersion = 17.2.32616.157
MinimumVisualStudioVersion = 10.0.40219.1
Project("{9A19103F-16F7-4668-BE54-9A1E7A4F7556}") = "SuperSecureAPI", "SuperSecureAPI\SuperSecureAPI.csproj", "{D532A6FD-80F1-4189-8FB9-534C54562056}"
EndProject
Project("{2150E333-8FDC-42A3-9474-1A3956D46DE8}") = "Solution Items", "Solution Items", "{C92B13A2-EB33-4C25-BA28-D6866A05AF9B}"
	ProjectSection(SolutionItems) = preProject
		.editorconfig = .editorconfig
		.gitignore = .gitignore
		azure-pipelines.yml = azure-pipelines.yml
		README.md = README.md
	EndProjectSection
EndProject
Global
	GlobalSection(SolutionConfigurationPlatforms) = preSolution
		Debug|Any CPU = Debug|Any CPU
		Release|Any CPU = Release|Any CPU
	EndGlobalSection
	GlobalSection(ProjectConfigurationPlatforms) = postSolution
		{D532A6FD-80F1-4189-8FB9-534C54562056}.Debug|Any CPU.ActiveCfg = Debug|Any CPU
		{D532A6FD-80F1-4189-8FB9-534C54562056}.Debug|Any CPU.Build.0 = Debug|Any CPU
		{D532A6FD-80F1-4189-8FB9-534C54562056}.Release|Any CPU.ActiveCfg = Release|Any CPU
		{D532A6FD-80F1-4189-8FB9-534C54562056}.Release|Any CPU.Build.0 = Release|Any CPU
	EndGlobalSection
	GlobalSection(SolutionProperties) = preSolution
		HideSolutionNode = FALSE
	EndGlobalSection
	GlobalSection(ExtensibilityGlobals) = postSolution
		SolutionGuid = {93491F8F-7D9B-4CC6-81DE-002254C2B80F}
	EndGlobalSection
EndGlobal
